
Microsoft Visual Studio Solution File, Format Version 12.00
# Visual Studio Version 17
VisualStudioVersion = 17.3.32811.315
MinimumVisualStudioVersion = 10.0.40219.1
Project("{9A19103F-16F7-4668-BE54-9A1E7A4F7556}") = "zayanitsolution", "zayanitsolution.csproj", "{B62036D6-8840-434B-924A-6069DDCA2F58}"
EndProject
Project("{9A19103F-16F7-4668-BE54-9A1E7A4F7556}") = "Domain", "..\Domain\Domain.csproj", "{FD4CE388-1998-431B-A5B2-5D94E6C3FE3D}"
EndProject
Project("{9A19103F-16F7-4668-BE54-9A1E7A4F7556}") = "Infrastructure", "..\Infrastructure\Infrastructure.csproj", "{EEE6F959-2227-48E7-927B-1FE1C50F32E4}"
EndProject
Project("{9A19103F-16F7-4668-BE54-9A1E7A4F7556}") = "Infrastructure.Shared", "..\Infrastructure.Shared\Infrastructure.Shared.csproj", "{95DE57B5-B3F7-460D-97D9-767888930D9E}"
EndProject
Global
	GlobalSection(SolutionConfigurationPlatforms) = preSolution
		Debug|Any CPU = Debug|Any CPU
		Release|Any CPU = Release|Any CPU
	EndGlobalSection
	GlobalSection(ProjectConfigurationPlatforms) = postSolution
		{B62036D6-8840-434B-924A-6069DDCA2F58}.Debug|Any CPU.ActiveCfg = Debug|Any CPU
		{B62036D6-8840-434B-924A-6069DDCA2F58}.Debug|Any CPU.Build.0 = Debug|Any CPU
		{B62036D6-8840-434B-924A-6069DDCA2F58}.Release|Any CPU.ActiveCfg = Release|Any CPU
		{B62036D6-8840-434B-924A-6069DDCA2F58}.Release|Any CPU.Build.0 = Release|Any CPU
		{FD4CE388-1998-431B-A5B2-5D94E6C3FE3D}.Debug|Any CPU.ActiveCfg = Debug|Any CPU
		{FD4CE388-1998-431B-A5B2-5D94E6C3FE3D}.Debug|Any CPU.Build.0 = Debug|Any CPU
		{FD4CE388-1998-431B-A5B2-5D94E6C3FE3D}.Release|Any CPU.ActiveCfg = Release|Any CPU
		{FD4CE388-1998-431B-A5B2-5D94E6C3FE3D}.Release|Any CPU.Build.0 = Release|Any CPU
		{EEE6F959-2227-48E7-927B-1FE1C50F32E4}.Debug|Any CPU.ActiveCfg = Debug|Any CPU
		{EEE6F959-2227-48E7-927B-1FE1C50F32E4}.Debug|Any CPU.Build.0 = Debug|Any CPU
		{EEE6F959-2227-48E7-927B-1FE1C50F32E4}.Release|Any CPU.ActiveCfg = Release|Any CPU
		{EEE6F959-2227-48E7-927B-1FE1C50F32E4}.Release|Any CPU.Build.0 = Release|Any CPU
		{95DE57B5-B3F7-460D-97D9-767888930D9E}.Debug|Any CPU.ActiveCfg = Debug|Any CPU
		{95DE57B5-B3F7-460D-97D9-767888930D9E}.Debug|Any CPU.Build.0 = Debug|Any CPU
		{95DE57B5-B3F7-460D-97D9-767888930D9E}.Release|Any CPU.ActiveCfg = Release|Any CPU
		{95DE57B5-B3F7-460D-97D9-767888930D9E}.Release|Any CPU.Build.0 = Release|Any CPU
	EndGlobalSection
	GlobalSection(SolutionProperties) = preSolution
		HideSolutionNode = FALSE
	EndGlobalSection
	GlobalSection(ExtensibilityGlobals) = postSolution
		SolutionGuid = {24139592-D5C4-4F6D-9CB8-392FA9A87977}
	EndGlobalSection
EndGlobal
